
Microsoft Visual Studio Solution File, Format Version 12.00
# Visual Studio 2013
VisualStudioVersion = 12.0.21005.1
MinimumVisualStudioVersion = 10.0.40219.1
Project("{FAE04EC0-301F-11D3-BF4B-00C04F79EFBC}") = "TumblrExample", "TumblrExample\TumblrExample.csproj", "{81B97D55-7E88-4413-A991-54C512C48246}"
EndProject
Project("{2150E333-8FDC-42A3-9474-1A3956D46DE8}") = ".nuget", ".nuget", "{F330D07A-2860-462A-A6DD-378A6C0A33F7}"
	ProjectSection(SolutionItems) = preProject
		.nuget\NuGet.Config = .nuget\NuGet.Config
		.nuget\NuGet.exe = .nuget\NuGet.exe
		.nuget\NuGet.targets = .nuget\NuGet.targets
	EndProjectSection
EndProject
Global
	GlobalSection(SolutionConfigurationPlatforms) = preSolution
		Debug|Any CPU = Debug|Any CPU
		Release|Any CPU = Release|Any CPU
	EndGlobalSection
	GlobalSection(ProjectConfigurationPlatforms) = postSolution
		{81B97D55-7E88-4413-A991-54C512C48246}.Debug|Any CPU.ActiveCfg = Debug|Any CPU
		{81B97D55-7E88-4413-A991-54C512C48246}.Debug|Any CPU.Build.0 = Debug|Any CPU
		{81B97D55-7E88-4413-A991-54C512C48246}.Release|Any CPU.ActiveCfg = Release|Any CPU
		{81B97D55-7E88-4413-A991-54C512C48246}.Release|Any CPU.Build.0 = Release|Any CPU
	EndGlobalSection
	GlobalSection(SolutionProperties) = preSolution
		HideSolutionNode = FALSE
	EndGlobalSection
EndGlobal
